
Microsoft Visual Studio Solution File, Format Version 12.00
# Visual Studio Version 17
VisualStudioVersion = 17.3.32929.385
MinimumVisualStudioVersion = 10.0.40219.1
Project("{FAE04EC0-301F-11D3-BF4B-00C04F79EFBC}") = "AppDemExCafe", "AppDemExCafe.csproj", "{E8BD9C0A-6695-4A90-9CF1-3EEC6E0CBD57}"
EndProject
Global
	GlobalSection(SolutionConfigurationPlatforms) = preSolution
		Debug|Any CPU = Debug|Any CPU
		Release|Any CPU = Release|Any CPU
	EndGlobalSection
	GlobalSection(ProjectConfigurationPlatforms) = postSolution
		{E8BD9C0A-6695-4A90-9CF1-3EEC6E0CBD57}.Debug|Any CPU.ActiveCfg = Debug|Any CPU
		{E8BD9C0A-6695-4A90-9CF1-3EEC6E0CBD57}.Debug|Any CPU.Build.0 = Debug|Any CPU
		{E8BD9C0A-6695-4A90-9CF1-3EEC6E0CBD57}.Release|Any CPU.ActiveCfg = Release|Any CPU
		{E8BD9C0A-6695-4A90-9CF1-3EEC6E0CBD57}.Release|Any CPU.Build.0 = Release|Any CPU
	EndGlobalSection
	GlobalSection(SolutionProperties) = preSolution
		HideSolutionNode = FALSE
	EndGlobalSection
	GlobalSection(ExtensibilityGlobals) = postSolution
		SolutionGuid = {5130B0EC-005D-4211-B9C2-102136D248F7}
	EndGlobalSection
EndGlobal
